// !$*UTF8*$!
{
	archiveVersion = 1;
	classes = {
	};
	objectVersion = 56;
	objects = {

/* Begin PBXBuildFile section */
		A338EDCD28C73C1F00BB858C /* WidgetResearch14App.swift in Sources */ = {isa = PBXBuildFile; fileRef = A338EDCC28C73C1F00BB858C /* WidgetResearch14App.swift */; };
		A338EDCF28C73C1F00BB858C /* ContentView.swift in Sources */ = {isa = PBXBuildFile; fileRef = A338EDCE28C73C1F00BB858C /* ContentView.swift */; };
		A338EDD128C73C2100BB858C /* Assets.xcassets in Resources */ = {isa = PBXBuildFile; fileRef = A338EDD028C73C2100BB858C /* Assets.xcassets */; };
		A338EDD528C73C2100BB858C /* Preview Assets.xcassets in Resources */ = {isa = PBXBuildFile; fileRef = A338EDD428C73C2100BB858C /* Preview Assets.xcassets */; };
		A338EDDF28C73C2200BB858C /* WidgetResearch14Tests.swift in Sources */ = {isa = PBXBuildFile; fileRef = A338EDDE28C73C2200BB858C /* WidgetResearch14Tests.swift */; };
		A338EDE928C73C2200BB858C /* WidgetResearch14UITests.swift in Sources */ = {isa = PBXBuildFile; fileRef = A338EDE828C73C2200BB858C /* WidgetResearch14UITests.swift */; };
		A338EDEB28C73C2200BB858C /* WidgetResearch14UITestsLaunchTests.swift in Sources */ = {isa = PBXBuildFile; fileRef = A338EDEA28C73C2200BB858C /* WidgetResearch14UITestsLaunchTests.swift */; };
/* End PBXBuildFile section */

/* Begin PBXContainerItemProxy section */
		A338EDDB28C73C2200BB858C /* PBXContainerItemProxy */ = {
			isa = PBXContainerItemProxy;
			containerPortal = A338EDC128C73C1F00BB858C /* Project object */;
			proxyType = 1;
			remoteGlobalIDString = A338EDC828C73C1F00BB858C;
			remoteInfo = WidgetResearch14;
		};
		A338EDE528C73C2200BB858C /* PBXContainerItemProxy */ = {
			isa = PBXContainerItemProxy;
			containerPortal = A338EDC128C73C1F00BB858C /* Project object */;
			proxyType = 1;
			remoteGlobalIDString = A338EDC828C73C1F00BB858C;
			remoteInfo = WidgetResearch14;
		};
/* End PBXContainerItemProxy section */

/* Begin PBXFileReference section */
		A338EDC928C73C1F00BB858C /* WidgetResearch14.app */ = {isa = PBXFileReference; explicitFileType = wrapper.application; includeInIndex = 0; path = WidgetResearch14.app; sourceTree = BUILT_PRODUCTS_DIR; };
		A338EDCC28C73C1F00BB858C /* WidgetResearch14App.swift */ = {isa = PBXFileReference; lastKnownFileType = sourcecode.swift; path = WidgetResearch14App.swift; sourceTree = "<group>"; };
		A338EDCE28C73C1F00BB858C /* ContentView.swift */ = {isa = PBXFileReference; lastKnownFileType = sourcecode.swift; path = ContentView.swift; sourceTree = "<group>"; };
		A338EDD028C73C2100BB858C /* Assets.xcassets */ = {isa = PBXFileReference; lastKnownFileType = folder.assetcatalog; path = Assets.xcassets; sourceTree = "<group>"; };
		A338EDD228C73C2100BB858C /* WidgetResearch14.entitlements */ = {isa = PBXFileReference; lastKnownFileType = text.plist.entitlements; path = WidgetResearch14.entitlements; sourceTree = "<group>"; };
		A338EDD428C73C2100BB858C /* Preview Assets.xcassets */ = {isa = PBXFileReference; lastKnownFileType = folder.assetcatalog; path = "Preview Assets.xcassets"; sourceTree = "<group>"; };
		A338EDDA28C73C2200BB858C /* WidgetResearch14Tests.xctest */ = {isa = PBXFileReference; explicitFileType = wrapper.cfbundle; includeInIndex = 0; path = WidgetResearch14Tests.xctest; sourceTree = BUILT_PRODUCTS_DIR; };
		A338EDDE28C73C2200BB858C /* WidgetResearch14Tests.swift */ = {isa = PBXFileReference; lastKnownFileType = sourcecode.swift; path = WidgetResearch14Tests.swift; sourceTree = "<group>"; };
		A338EDE428C73C2200BB858C /* WidgetResearch14UITests.xctest */ = {isa = PBXFileReference; explicitFileType = wrapper.cfbundle; includeInIndex = 0; path = WidgetResearch14UITests.xctest; sourceTree = BUILT_PRODUCTS_DIR; };
		A338EDE828C73C2200BB858C /* WidgetResearch14UITests.swift */ = {isa = PBXFileReference; lastKnownFileType = sourcecode.swift; path = WidgetResearch14UITests.swift; sourceTree = "<group>"; };
		A338EDEA28C73C2200BB858C /* WidgetResearch14UITestsLaunchTests.swift */ = {isa = PBXFileReference; lastKnownFileType = sourcecode.swift; path = WidgetResearch14UITestsLaunchTests.swift; sourceTree = "<group>"; };
/* End PBXFileReference section */

/* Begin PBXFrameworksBuildPhase section */
		A338EDC628C73C1F00BB858C /* Frameworks */ = {
			isa = PBXFrameworksBuildPhase;
			buildActionMask = 2147483647;
			files = (
			);
			runOnlyForDeploymentPostprocessing = 0;
		};
		A338EDD728C73C2200BB858C /* Frameworks */ = {
			isa = PBXFrameworksBuildPhase;
			buildActionMask = 2147483647;
			files = (
			);
			runOnlyForDeploymentPostprocessing = 0;
		};
		A338EDE128C73C2200BB858C /* Frameworks */ = {
			isa = PBXFrameworksBuildPhase;
			buildActionMask = 2147483647;
			files = (
			);
			runOnlyForDeploymentPostprocessing = 0;
		};
/* End PBXFrameworksBuildPhase section */

/* Begin PBXGroup section */
		A338EDC028C73C1F00BB858C = {
			isa = PBXGroup;
			children = (
				A338EDCB28C73C1F00BB858C /* WidgetResearch14 */,
				A338EDDD28C73C2200BB858C /* WidgetResearch14Tests */,
				A338EDE728C73C2200BB858C /* WidgetResearch14UITests */,
				A338EDCA28C73C1F00BB858C /* Products */,
			);
			sourceTree = "<group>";
		};
		A338EDCA28C73C1F00BB858C /* Products */ = {
			isa = PBXGroup;
			children = (
				A338EDC928C73C1F00BB858C /* WidgetResearch14.app */,
				A338EDDA28C73C2200BB858C /* WidgetResearch14Tests.xctest */,
				A338EDE428C73C2200BB858C /* WidgetResearch14UITests.xctest */,
			);
			name = Products;
			sourceTree = "<group>";
		};
		A338EDCB28C73C1F00BB858C /* WidgetResearch14 */ = {
			isa = PBXGroup;
			children = (
				A338EDCC28C73C1F00BB858C /* WidgetResearch14App.swift */,
				A338EDCE28C73C1F00BB858C /* ContentView.swift */,
				A338EDD028C73C2100BB858C /* Assets.xcassets */,
				A338EDD228C73C2100BB858C /* WidgetResearch14.entitlements */,
				A338EDD328C73C2100BB858C /* Preview Content */,
			);
			path = WidgetResearch14;
			sourceTree = "<group>";
		};
		A338EDD328C73C2100BB858C /* Preview Content */ = {
			isa = PBXGroup;
			children = (
				A338EDD428C73C2100BB858C /* Preview Assets.xcassets */,
			);
			path = "Preview Content";
			sourceTree = "<group>";
		};
		A338EDDD28C73C2200BB858C /* WidgetResearch14Tests */ = {
			isa = PBXGroup;
			children = (
				A338EDDE28C73C2200BB858C /* WidgetResearch14Tests.swift */,
			);
			path = WidgetResearch14Tests;
			sourceTree = "<group>";
		};
		A338EDE728C73C2200BB858C /* WidgetResearch14UITests */ = {
			isa = PBXGroup;
			children = (
				A338EDE828C73C2200BB858C /* WidgetResearch14UITests.swift */,
				A338EDEA28C73C2200BB858C /* WidgetResearch14UITestsLaunchTests.swift */,
			);
			path = WidgetResearch14UITests;
			sourceTree = "<group>";
		};
/* End PBXGroup section */

/* Begin PBXNativeTarget section */
		A338EDC828C73C1F00BB858C /* WidgetResearch14 */ = {
			isa = PBXNativeTarget;
			buildConfigurationList = A338EDEE28C73C2200BB858C /* Build configuration list for PBXNativeTarget "WidgetResearch14" */;
			buildPhases = (
				A338EDC528C73C1F00BB858C /* Sources */,
				A338EDC628C73C1F00BB858C /* Frameworks */,
				A338EDC728C73C1F00BB858C /* Resources */,
			);
			buildRules = (
			);
			dependencies = (
			);
			name = WidgetResearch14;
			productName = WidgetResearch14;
			productReference = A338EDC928C73C1F00BB858C /* WidgetResearch14.app */;
			productType = "com.apple.product-type.application";
		};
		A338EDD928C73C2200BB858C /* WidgetResearch14Tests */ = {
			isa = PBXNativeTarget;
			buildConfigurationList = A338EDF128C73C2200BB858C /* Build configuration list for PBXNativeTarget "WidgetResearch14Tests" */;
			buildPhases = (
				A338EDD628C73C2200BB858C /* Sources */,
				A338EDD728C73C2200BB858C /* Frameworks */,
				A338EDD828C73C2200BB858C /* Resources */,
			);
			buildRules = (
			);
			dependencies = (
				A338EDDC28C73C2200BB858C /* PBXTargetDependency */,
			);
			name = WidgetResearch14Tests;
			productName = WidgetResearch14Tests;
			productReference = A338EDDA28C73C2200BB858C /* WidgetResearch14Tests.xctest */;
			productType = "com.apple.product-type.bundle.unit-test";
		};
		A338EDE328C73C2200BB858C /* WidgetResearch14UITests */ = {
			isa = PBXNativeTarget;
			buildConfigurationList = A338EDF428C73C2200BB858C /* Build configuration list for PBXNativeTarget "WidgetResearch14UITests" */;
			buildPhases = (
				A338EDE028C73C2200BB858C /* Sources */,
				A338EDE128C73C2200BB858C /* Frameworks */,
				A338EDE228C73C2200BB858C /* Resources */,
			);
			buildRules = (
			);
			dependencies = (
				A338EDE628C73C2200BB858C /* PBXTargetDependency */,
			);
			name = WidgetResearch14UITests;
			productName = WidgetResearch14UITests;
			productReference = A338EDE428C73C2200BB858C /* WidgetResearch14UITests.xctest */;
			productType = "com.apple.product-type.bundle.ui-testing";
		};
/* End PBXNativeTarget section */

/* Begin PBXProject section */
		A338EDC128C73C1F00BB858C /* Project object */ = {
			isa = PBXProject;
			attributes = {
				BuildIndependentTargetsInParallel = 1;
				LastSwiftUpdateCheck = 1400;
				LastUpgradeCheck = 1400;
				TargetAttributes = {
					A338EDC828C73C1F00BB858C = {
						CreatedOnToolsVersion = 14.0;
					};
					A338EDD928C73C2200BB858C = {
						CreatedOnToolsVersion = 14.0;
						TestTargetID = A338EDC828C73C1F00BB858C;
					};
					A338EDE328C73C2200BB858C = {
						CreatedOnToolsVersion = 14.0;
						TestTargetID = A338EDC828C73C1F00BB858C;
					};
				};
			};
			buildConfigurationList = A338EDC428C73C1F00BB858C /* Build configuration list for PBXProject "WidgetResearch14" */;
			compatibilityVersion = "Xcode 14.0";
			developmentRegion = en;
			hasScannedForEncodings = 0;
			knownRegions = (
				en,
				Base,
			);
			mainGroup = A338EDC028C73C1F00BB858C;
			productRefGroup = A338EDCA28C73C1F00BB858C /* Products */;
			projectDirPath = "";
			projectRoot = "";
			targets = (
				A338EDC828C73C1F00BB858C /* WidgetResearch14 */,
				A338EDD928C73C2200BB858C /* WidgetResearch14Tests */,
				A338EDE328C73C2200BB858C /* WidgetResearch14UITests */,
			);
		};
/* End PBXProject section */

/* Begin PBXResourcesBuildPhase section */
		A338EDC728C73C1F00BB858C /* Resources */ = {
			isa = PBXResourcesBuildPhase;
			buildActionMask = 2147483647;
			files = (
				A338EDD528C73C2100BB858C /* Preview Assets.xcassets in Resources */,
				A338EDD128C73C2100BB858C /* Assets.xcassets in Resources */,
			);
			runOnlyForDeploymentPostprocessing = 0;
		};
		A338EDD828C73C2200BB858C /* Resources */ = {
			isa = PBXResourcesBuildPhase;
			buildActionMask = 2147483647;
			files = (
			);
			runOnlyForDeploymentPostprocessing = 0;
		};
		A338EDE228C73C2200BB858C /* Resources */ = {
			isa = PBXResourcesBuildPhase;
			buildActionMask = 2147483647;
			files = (
			);
			runOnlyForDeploymentPostprocessing = 0;
		};
/* End PBXResourcesBuildPhase section */

/* Begin PBXSourcesBuildPhase section */
		A338EDC528C73C1F00BB858C /* Sources */ = {
			isa = PBXSourcesBuildPhase;
			buildActionMask = 2147483647;
			files = (
				A338EDCF28C73C1F00BB858C /* ContentView.swift in Sources */,
				A338EDCD28C73C1F00BB858C /* WidgetResearch14App.swift in Sources */,
			);
			runOnlyForDeploymentPostprocessing = 0;
		};
		A338EDD628C73C2200BB858C /* Sources */ = {
			isa = PBXSourcesBuildPhase;
			buildActionMask = 2147483647;
			files = (
				A338EDDF28C73C2200BB858C /* WidgetResearch14Tests.swift in Sources */,
			);
			runOnlyForDeploymentPostprocessing = 0;
		};
		A338EDE028C73C2200BB858C /* Sources */ = {
			isa = PBXSourcesBuildPhase;
			buildActionMask = 2147483647;
			files = (
				A338EDEB28C73C2200BB858C /* WidgetResearch14UITestsLaunchTests.swift in Sources */,
				A338EDE928C73C2200BB858C /* WidgetResearch14UITests.swift in Sources */,
			);
			runOnlyForDeploymentPostprocessing = 0;
		};
/* End PBXSourcesBuildPhase section */

/* Begin PBXTargetDependency section */
		A338EDDC28C73C2200BB858C /* PBXTargetDependency */ = {
			isa = PBXTargetDependency;
			target = A338EDC828C73C1F00BB858C /* WidgetResearch14 */;
			targetProxy = A338EDDB28C73C2200BB858C /* PBXContainerItemProxy */;
		};
		A338EDE628C73C2200BB858C /* PBXTargetDependency */ = {
			isa = PBXTargetDependency;
			target = A338EDC828C73C1F00BB858C /* WidgetResearch14 */;
			targetProxy = A338EDE528C73C2200BB858C /* PBXContainerItemProxy */;
		};
/* End PBXTargetDependency section */

/* Begin XCBuildConfiguration section */
		A338EDEC28C73C2200BB858C /* Debug */ = {
			isa = XCBuildConfiguration;
			buildSettings = {
				ALWAYS_SEARCH_USER_PATHS = NO;
				CLANG_ANALYZER_NONNULL = YES;
				CLANG_ANALYZER_NUMBER_OBJECT_CONVERSION = YES_AGGRESSIVE;
				CLANG_CXX_LANGUAGE_STANDARD = "gnu++20";
				CLANG_ENABLE_MODULES = YES;
				CLANG_ENABLE_OBJC_ARC = YES;
				CLANG_ENABLE_OBJC_WEAK = YES;
				CLANG_WARN_BLOCK_CAPTURE_AUTORELEASING = YES;
				CLANG_WARN_BOOL_CONVERSION = YES;
				CLANG_WARN_COMMA = YES;
				CLANG_WARN_CONSTANT_CONVERSION = YES;
				CLANG_WARN_DEPRECATED_OBJC_IMPLEMENTATIONS = YES;
				CLANG_WARN_DIRECT_OBJC_ISA_USAGE = YES_ERROR;
				CLANG_WARN_DOCUMENTATION_COMMENTS = YES;
				CLANG_WARN_EMPTY_BODY = YES;
				CLANG_WARN_ENUM_CONVERSION = YES;
				CLANG_WARN_INFINITE_RECURSION = YES;
				CLANG_WARN_INT_CONVERSION = YES;
				CLANG_WARN_NON_LITERAL_NULL_CONVERSION = YES;
				CLANG_WARN_OBJC_IMPLICIT_RETAIN_SELF = YES;
				CLANG_WARN_OBJC_LITERAL_CONVERSION = YES;
				CLANG_WARN_OBJC_ROOT_CLASS = YES_ERROR;
				CLANG_WARN_QUOTED_INCLUDE_IN_FRAMEWORK_HEADER = YES;
				CLANG_WARN_RANGE_LOOP_ANALYSIS = YES;
				CLANG_WARN_STRICT_PROTOTYPES = YES;
				CLANG_WARN_SUSPICIOUS_MOVE = YES;
				CLANG_WARN_UNGUARDED_AVAILABILITY = YES_AGGRESSIVE;
				CLANG_WARN_UNREACHABLE_CODE = YES;
				CLANG_WARN__DUPLICATE_METHOD_MATCH = YES;
				COPY_PHASE_STRIP = NO;
				DEBUG_INFORMATION_FORMAT = dwarf;
				ENABLE_STRICT_OBJC_MSGSEND = YES;
				ENABLE_TESTABILITY = YES;
				GCC_C_LANGUAGE_STANDARD = gnu11;
				GCC_DYNAMIC_NO_PIC = NO;
				GCC_NO_COMMON_BLOCKS = YES;
				GCC_OPTIMIZATION_LEVEL = 0;
				GCC_PREPROCESSOR_DEFINITIONS = (
					"DEBUG=1",
					"$(inherited)",
				);
				GCC_WARN_64_TO_32_BIT_CONVERSION = YES;
				GCC_WARN_ABOUT_RETURN_TYPE = YES_ERROR;
				GCC_WARN_UNDECLARED_SELECTOR = YES;
				GCC_WARN_UNINITIALIZED_AUTOS = YES_AGGRESSIVE;
				GCC_WARN_UNUSED_FUNCTION = YES;
				GCC_WARN_UNUSED_VARIABLE = YES;
				MTL_ENABLE_DEBUG_INFO = INCLUDE_SOURCE;
				MTL_FAST_MATH = YES;
				ONLY_ACTIVE_ARCH = YES;
				SWIFT_ACTIVE_COMPILATION_CONDITIONS = DEBUG;
				SWIFT_OPTIMIZATION_LEVEL = "-Onone";
			};
			name = Debug;
		};
		A338EDED28C73C2200BB858C /* Release */ = {
			isa = XCBuildConfiguration;
			buildSettings = {
				ALWAYS_SEARCH_USER_PATHS = NO;
				CLANG_ANALYZER_NONNULL = YES;
				CLANG_ANALYZER_NUMBER_OBJECT_CONVERSION = YES_AGGRESSIVE;
				CLANG_CXX_LANGUAGE_STANDARD = "gnu++20";
				CLANG_ENABLE_MODULES = YES;
				CLANG_ENABLE_OBJC_ARC = YES;
				CLANG_ENABLE_OBJC_WEAK = YES;
				CLANG_WARN_BLOCK_CAPTURE_AUTORELEASING = YES;
				CLANG_WARN_BOOL_CONVERSION = YES;
				CLANG_WARN_COMMA = YES;
				CLANG_WARN_CONSTANT_CONVERSION = YES;
				CLANG_WARN_DEPRECATED_OBJC_IMPLEMENTATIONS = YES;
				CLANG_WARN_DIRECT_OBJC_ISA_USAGE = YES_ERROR;
				CLANG_WARN_DOCUMENTATION_COMMENTS = YES;
				CLANG_WARN_EMPTY_BODY = YES;
				CLANG_WARN_ENUM_CONVERSION = YES;
				CLANG_WARN_INFINITE_RECURSION = YES;
				CLANG_WARN_INT_CONVERSION = YES;
				CLANG_WARN_NON_LITERAL_NULL_CONVERSION = YES;
				CLANG_WARN_OBJC_IMPLICIT_RETAIN_SELF = YES;
				CLANG_WARN_OBJC_LITERAL_CONVERSION = YES;
				CLANG_WARN_OBJC_ROOT_CLASS = YES_ERROR;
				CLANG_WARN_QUOTED_INCLUDE_IN_FRAMEWORK_HEADER = YES;
				CLANG_WARN_RANGE_LOOP_ANALYSIS = YES;
				CLANG_WARN_STRICT_PROTOTYPES = YES;
				CLANG_WARN_SUSPICIOUS_MOVE = YES;
				CLANG_WARN_UNGUARDED_AVAILABILITY = YES_AGGRESSIVE;
				CLANG_WARN_UNREACHABLE_CODE = YES;
				CLANG_WARN__DUPLICATE_METHOD_MATCH = YES;
				COPY_PHASE_STRIP = NO;
				DEBUG_INFORMATION_FORMAT = "dwarf-with-dsym";
				ENABLE_NS_ASSERTIONS = NO;
				ENABLE_STRICT_OBJC_MSGSEND = YES;
				GCC_C_LANGUAGE_STANDARD = gnu11;
				GCC_NO_COMMON_BLOCKS = YES;
				GCC_WARN_64_TO_32_BIT_CONVERSION = YES;
				GCC_WARN_ABOUT_RETURN_TYPE = YES_ERROR;
				GCC_WARN_UNDECLARED_SELECTOR = YES;
				GCC_WARN_UNINITIALIZED_AUTOS = YES_AGGRESSIVE;
				GCC_WARN_UNUSED_FUNCTION = YES;
				GCC_WARN_UNUSED_VARIABLE = YES;
				MTL_ENABLE_DEBUG_INFO = NO;
				MTL_FAST_MATH = YES;
				SWIFT_COMPILATION_MODE = wholemodule;
				SWIFT_OPTIMIZATION_LEVEL = "-O";
			};
			name = Release;
		};
		A338EDEF28C73C2200BB858C /* Debug */ = {
			isa = XCBuildConfiguration;
			buildSettings = {
				ASSETCATALOG_COMPILER_APPICON_NAME = AppIcon;
				ASSETCATALOG_COMPILER_GLOBAL_ACCENT_COLOR_NAME = AccentColor;
				CODE_SIGN_ENTITLEMENTS = WidgetResearch14/WidgetResearch14.entitlements;
				CODE_SIGN_STYLE = Automatic;
				CURRENT_PROJECT_VERSION = 1;
				DEVELOPMENT_ASSET_PATHS = "\"WidgetResearch14/Preview Content\"";
				DEVELOPMENT_TEAM = D8VPEQS329;
				ENABLE_HARDENED_RUNTIME = YES;
				ENABLE_PREVIEWS = YES;
				GENERATE_INFOPLIST_FILE = YES;
				"INFOPLIST_KEY_UIApplicationSceneManifest_Generation[sdk=iphoneos*]" = YES;
				"INFOPLIST_KEY_UIApplicationSceneManifest_Generation[sdk=iphonesimulator*]" = YES;
				"INFOPLIST_KEY_UIApplicationSupportsIndirectInputEvents[sdk=iphoneos*]" = YES;
				"INFOPLIST_KEY_UIApplicationSupportsIndirectInputEvents[sdk=iphonesimulator*]" = YES;
				"INFOPLIST_KEY_UILaunchScreen_Generation[sdk=iphoneos*]" = YES;
				"INFOPLIST_KEY_UILaunchScreen_Generation[sdk=iphonesimulator*]" = YES;
				"INFOPLIST_KEY_UIStatusBarStyle[sdk=iphoneos*]" = UIStatusBarStyleDefault;
				"INFOPLIST_KEY_UIStatusBarStyle[sdk=iphonesimulator*]" = UIStatusBarStyleDefault;
				INFOPLIST_KEY_UISupportedInterfaceOrientations_iPad = "UIInterfaceOrientationPortrait UIInterfaceOrientationPortraitUpsideDown UIInterfaceOrientationLandscapeLeft UIInterfaceOrientationLandscapeRight";
				INFOPLIST_KEY_UISupportedInterfaceOrientations_iPhone = "UIInterfaceOrientationPortrait UIInterfaceOrientationLandscapeLeft UIInterfaceOrientationLandscapeRight";
				IPHONEOS_DEPLOYMENT_TARGET = 16.0;
				LD_RUNPATH_SEARCH_PATHS = "@executable_path/Frameworks";
				"LD_RUNPATH_SEARCH_PATHS[sdk=macosx*]" = "@executable_path/../Frameworks";
				MACOSX_DEPLOYMENT_TARGET = 12.5;
				MARKETING_VERSION = 1.0;
				PRODUCT_BUNDLE_IDENTIFIER = ernichechelski.WidgetResearch14;
				PRODUCT_NAME = "$(TARGET_NAME)";
				SDKROOT = auto;
				SUPPORTED_PLATFORMS = "iphoneos iphonesimulator macosx";
				SWIFT_EMIT_LOC_STRINGS = YES;
				SWIFT_VERSION = 5.0;
				TARGETED_DEVICE_FAMILY = "1,2";
			};
			name = Debug;
		};
		A338EDF028C73C2200BB858C /* Release */ = {
			isa = XCBuildConfiguration;
			buildSettings = {
				ASSETCATALOG_COMPILER_APPICON_NAME = AppIcon;
				ASSETCATALOG_COMPILER_GLOBAL_ACCENT_COLOR_NAME = AccentColor;
				CODE_SIGN_ENTITLEMENTS = WidgetResearch14/WidgetResearch14.entitlements;
				CODE_SIGN_STYLE = Automatic;
				CURRENT_PROJECT_VERSION = 1;
				DEVELOPMENT_ASSET_PATHS = "\"WidgetResearch14/Preview Content\"";
				DEVELOPMENT_TEAM = D8VPEQS329;
				ENABLE_HARDENED_RUNTIME = YES;
				ENABLE_PREVIEWS = YES;
				GENERATE_INFOPLIST_FILE = YES;
				"INFOPLIST_KEY_UIApplicationSceneManifest_Generation[sdk=iphoneos*]" = YES;
				"INFOPLIST_KEY_UIApplicationSceneManifest_Generation[sdk=iphonesimulator*]" = YES;
				"INFOPLIST_KEY_UIApplicationSupportsIndirectInputEvents[sdk=iphoneos*]" = YES;
				"INFOPLIST_KEY_UIApplicationSupportsIndirectInputEvents[sdk=iphonesimulator*]" = YES;
				"INFOPLIST_KEY_UILaunchScreen_Generation[sdk=iphoneos*]" = YES;
				"INFOPLIST_KEY_UILaunchScreen_Generation[sdk=iphonesimulator*]" = YES;
				"INFOPLIST_KEY_UIStatusBarStyle[sdk=iphoneos*]" = UIStatusBarStyleDefault;
				"INFOPLIST_KEY_UIStatusBarStyle[sdk=iphonesimulator*]" = UIStatusBarStyleDefault;
				INFOPLIST_KEY_UISupportedInterfaceOrientations_iPad = "UIInterfaceOrientationPortrait UIInterfaceOrientationPortraitUpsideDown UIInterfaceOrientationLandscapeLeft UIInterfaceOrientationLandscapeRight";
				INFOPLIST_KEY_UISupportedInterfaceOrientations_iPhone = "UIInterfaceOrientationPortrait UIInterfaceOrientationLandscapeLeft UIInterfaceOrientationLandscapeRight";
				IPHONEOS_DEPLOYMENT_TARGET = 16.0;
				LD_RUNPATH_SEARCH_PATHS = "@executable_path/Frameworks";
				"LD_RUNPATH_SEARCH_PATHS[sdk=macosx*]" = "@executable_path/../Frameworks";
				MACOSX_DEPLOYMENT_TARGET = 12.5;
				MARKETING_VERSION = 1.0;
				PRODUCT_BUNDLE_IDENTIFIER = ernichechelski.WidgetResearch14;
				PRODUCT_NAME = "$(TARGET_NAME)";
				SDKROOT = auto;
				SUPPORTED_PLATFORMS = "iphoneos iphonesimulator macosx";
				SWIFT_EMIT_LOC_STRINGS = YES;
				SWIFT_VERSION = 5.0;
				TARGETED_DEVICE_FAMILY = "1,2";
			};
			name = Release;
		};
		A338EDF228C73C2200BB858C /* Debug */ = {
			isa = XCBuildConfiguration;
			buildSettings = {
				ALWAYS_EMBED_SWIFT_STANDARD_LIBRARIES = YES;
				BUNDLE_LOADER = "$(TEST_HOST)";
				CODE_SIGN_STYLE = Automatic;
				CURRENT_PROJECT_VERSION = 1;
				DEVELOPMENT_TEAM = D8VPEQS329;
				GENERATE_INFOPLIST_FILE = YES;
				IPHONEOS_DEPLOYMENT_TARGET = 16.0;
				MACOSX_DEPLOYMENT_TARGET = 12.5;
				MARKETING_VERSION = 1.0;
				PRODUCT_BUNDLE_IDENTIFIER = ernichechelski.WidgetResearch14Tests;
				PRODUCT_NAME = "$(TARGET_NAME)";
				SDKROOT = auto;
				SUPPORTED_PLATFORMS = "iphoneos iphonesimulator macosx";
				SWIFT_EMIT_LOC_STRINGS = NO;
				SWIFT_VERSION = 5.0;
				TARGETED_DEVICE_FAMILY = "1,2";
				TEST_HOST = "$(BUILT_PRODUCTS_DIR)/WidgetResearch14.app/$(BUNDLE_EXECUTABLE_FOLDER_PATH)/WidgetResearch14";
			};
			name = Debug;
		};
		A338EDF328C73C2200BB858C /* Release */ = {
			isa = XCBuildConfiguration;
			buildSettings = {
				ALWAYS_EMBED_SWIFT_STANDARD_LIBRARIES = YES;
				BUNDLE_LOADER = "$(TEST_HOST)";
				CODE_SIGN_STYLE = Automatic;
				CURRENT_PROJECT_VERSION = 1;
				DEVELOPMENT_TEAM = D8VPEQS329;
				GENERATE_INFOPLIST_FILE = YES;
				IPHONEOS_DEPLOYMENT_TARGET = 16.0;
				MACOSX_DEPLOYMENT_TARGET = 12.5;
				MARKETING_VERSION = 1.0;
				PRODUCT_BUNDLE_IDENTIFIER = ernichechelski.WidgetResearch14Tests;
				PRODUCT_NAME = "$(TARGET_NAME)";
				SDKROOT = auto;
				SUPPORTED_PLATFORMS = "iphoneos iphonesimulator macosx";
				SWIFT_EMIT_LOC_STRINGS = NO;
				SWIFT_VERSION = 5.0;
				TARGETED_DEVICE_FAMILY = "1,2";
				TEST_HOST = "$(BUILT_PRODUCTS_DIR)/WidgetResearch14.app/$(BUNDLE_EXECUTABLE_FOLDER_PATH)/WidgetResearch14";
			};
			name = Release;
		};
		A338EDF528C73C2200BB858C /* Debug */ = {
			isa = XCBuildConfiguration;
			buildSettings = {
				ALWAYS_EMBED_SWIFT_STANDARD_LIBRARIES = YES;
				CODE_SIGN_STYLE = Automatic;
				CURRENT_PROJECT_VERSION = 1;
				DEVELOPMENT_TEAM = D8VPEQS329;
				GENERATE_INFOPLIST_FILE = YES;
				IPHONEOS_DEPLOYMENT_TARGET = 16.0;
				MACOSX_DEPLOYMENT_TARGET = 12.5;
				MARKETING_VERSION = 1.0;
				PRODUCT_BUNDLE_IDENTIFIER = ernichechelski.WidgetResearch14UITests;
				PRODUCT_NAME = "$(TARGET_NAME)";
				SDKROOT = auto;
				SUPPORTED_PLATFORMS = "iphoneos iphonesimulator macosx";
				SWIFT_EMIT_LOC_STRINGS = NO;
				SWIFT_VERSION = 5.0;
				TARGETED_DEVICE_FAMILY = "1,2";
				TEST_TARGET_NAME = WidgetResearch14;
			};
			name = Debug;
		};
		A338EDF628C73C2200BB858C /* Release */ = {
			isa = XCBuildConfiguration;
			buildSettings = {
				ALWAYS_EMBED_SWIFT_STANDARD_LIBRARIES = YES;
				CODE_SIGN_STYLE = Automatic;
				CURRENT_PROJECT_VERSION = 1;
				DEVELOPMENT_TEAM = D8VPEQS329;
				GENERATE_INFOPLIST_FILE = YES;
				IPHONEOS_DEPLOYMENT_TARGET = 16.0;
				MACOSX_DEPLOYMENT_TARGET = 12.5;
				MARKETING_VERSION = 1.0;
				PRODUCT_BUNDLE_IDENTIFIER = ernichechelski.WidgetResearch14UITests;
				PRODUCT_NAME = "$(TARGET_NAME)";
				SDKROOT = auto;
				SUPPORTED_PLATFORMS = "iphoneos iphonesimulator macosx";
				SWIFT_EMIT_LOC_STRINGS = NO;
				SWIFT_VERSION = 5.0;
				TARGETED_DEVICE_FAMILY = "1,2";
				TEST_TARGET_NAME = WidgetResearch14;
			};
			name = Release;
		};
/* End XCBuildConfiguration section */

/* Begin XCConfigurationList section */
		A338EDC428C73C1F00BB858C /* Build configuration list for PBXProject "WidgetResearch14" */ = {
			isa = XCConfigurationList;
			buildConfigurations = (
				A338EDEC28C73C2200BB858C /* Debug */,
				A338EDED28C73C2200BB858C /* Release */,
			);
			defaultConfigurationIsVisible = 0;
			defaultConfigurationName = Release;
		};
		A338EDEE28C73C2200BB858C /* Build configuration list for PBXNativeTarget "WidgetResearch14" */ = {
			isa = XCConfigurationList;
			buildConfigurations = (
				A338EDEF28C73C2200BB858C /* Debug */,
				A338EDF028C73C2200BB858C /* Release */,
			);
			defaultConfigurationIsVisible = 0;
			defaultConfigurationName = Release;
		};
		A338EDF128C73C2200BB858C /* Build configuration list for PBXNativeTarget "WidgetResearch14Tests" */ = {
			isa = XCConfigurationList;
			buildConfigurations = (
				A338EDF228C73C2200BB858C /* Debug */,
				A338EDF328C73C2200BB858C /* Release */,
			);
			defaultConfigurationIsVisible = 0;
			defaultConfigurationName = Release;
		};
		A338EDF428C73C2200BB858C /* Build configuration list for PBXNativeTarget "WidgetResearch14UITests" */ = {
			isa = XCConfigurationList;
			buildConfigurations = (
				A338EDF528C73C2200BB858C /* Debug */,
				A338EDF628C73C2200BB858C /* Release */,
			);
			defaultConfigurationIsVisible = 0;
			defaultConfigurationName = Release;
		};
/* End XCConfigurationList section */
	};
	rootObject = A338EDC128C73C1F00BB858C /* Project object */;
}
